
Microsoft Visual Studio Solution File, Format Version 12.00
# Visual Studio Version 16
VisualStudioVersion = 16.0.30204.135
MinimumVisualStudioVersion = 10.0.40219.1
Project("{9A19103F-16F7-4668-BE54-9A1E7A4F7556}") = "Task1", "Task1\Task1.csproj", "{909C4CEB-5CB0-4B11-ADC3-18A37FCF0FFE}"
EndProject
Project("{9A19103F-16F7-4668-BE54-9A1E7A4F7556}") = "Task2", "Task2\Task2.csproj", "{E98A2E77-CCC1-4573-8BBD-D8B518B8F92F}"
EndProject
Project("{9A19103F-16F7-4668-BE54-9A1E7A4F7556}") = "Task3", "Task3\Task3.csproj", "{FF481A1D-D9E3-46B0-B3E8-94C4EC0D1978}"
EndProject
Project("{9A19103F-16F7-4668-BE54-9A1E7A4F7556}") = "Task4", "Task4\Task4.csproj", "{B87763D0-DD37-4F3B-9B8A-1BA6D94F020E}"
EndProject
Project("{2150E333-8FDC-42A3-9474-1A3956D46DE8}") = "Task1", "Task1", "{B5529AE5-ED57-4F5B-8AA2-6DC6E3CECD90}"
EndProject
Project("{2150E333-8FDC-42A3-9474-1A3956D46DE8}") = "Task2", "Task2", "{E7F45071-42B0-4614-8853-13269D3D547C}"
EndProject
Project("{2150E333-8FDC-42A3-9474-1A3956D46DE8}") = "Task3", "Task3", "{8DBAD204-7226-492B-9539-6AA3F2030AEB}"
EndProject
Project("{2150E333-8FDC-42A3-9474-1A3956D46DE8}") = "Task4", "Task4", "{ED578DC6-0B89-46BB-8C1B-A64ACE16EA6C}"
EndProject
Project("{9A19103F-16F7-4668-BE54-9A1E7A4F7556}") = "Tests2", "Tests2\Tests2.csproj", "{F5134799-84F2-4BEA-99A1-BF82BDF85B85}"
EndProject
Project("{9A19103F-16F7-4668-BE54-9A1E7A4F7556}") = "Tests3", "Tests3\Tests3.csproj", "{63AC907B-010D-48C2-9B9E-E64FE144B40F}"
EndProject
Project("{9A19103F-16F7-4668-BE54-9A1E7A4F7556}") = "Tests4", "Tests4\Tests4.csproj", "{9AB5DEE9-7968-41AC-8678-8F349631A155}"
EndProject
Project("{9A19103F-16F7-4668-BE54-9A1E7A4F7556}") = "Tests1", "Tests1\Tests1.csproj", "{78EADC52-5474-4542-9FA9-8D420374DD79}"
EndProject
Project("{9A19103F-16F7-4668-BE54-9A1E7A4F7556}") = "ThirdParty", "..\..\ThirdParty\ThirdParty\ThirdParty.csproj", "{4CADF2AE-0504-4F97-9527-75F3D11A4B1A}"
EndProject
Global
	GlobalSection(SolutionConfigurationPlatforms) = preSolution
		Debug|Any CPU = Debug|Any CPU
		Release|Any CPU = Release|Any CPU
	EndGlobalSection
	GlobalSection(ProjectConfigurationPlatforms) = postSolution
		{909C4CEB-5CB0-4B11-ADC3-18A37FCF0FFE}.Debug|Any CPU.ActiveCfg = Debug|Any CPU
		{909C4CEB-5CB0-4B11-ADC3-18A37FCF0FFE}.Debug|Any CPU.Build.0 = Debug|Any CPU
		{909C4CEB-5CB0-4B11-ADC3-18A37FCF0FFE}.Release|Any CPU.ActiveCfg = Release|Any CPU
		{909C4CEB-5CB0-4B11-ADC3-18A37FCF0FFE}.Release|Any CPU.Build.0 = Release|Any CPU
		{E98A2E77-CCC1-4573-8BBD-D8B518B8F92F}.Debug|Any CPU.ActiveCfg = Debug|Any CPU
		{E98A2E77-CCC1-4573-8BBD-D8B518B8F92F}.Debug|Any CPU.Build.0 = Debug|Any CPU
		{E98A2E77-CCC1-4573-8BBD-D8B518B8F92F}.Release|Any CPU.ActiveCfg = Release|Any CPU
		{E98A2E77-CCC1-4573-8BBD-D8B518B8F92F}.Release|Any CPU.Build.0 = Release|Any CPU
		{FF481A1D-D9E3-46B0-B3E8-94C4EC0D1978}.Debug|Any CPU.ActiveCfg = Debug|Any CPU
		{FF481A1D-D9E3-46B0-B3E8-94C4EC0D1978}.Debug|Any CPU.Build.0 = Debug|Any CPU
		{FF481A1D-D9E3-46B0-B3E8-94C4EC0D1978}.Release|Any CPU.ActiveCfg = Release|Any CPU
		{FF481A1D-D9E3-46B0-B3E8-94C4EC0D1978}.Release|Any CPU.Build.0 = Release|Any CPU
		{B87763D0-DD37-4F3B-9B8A-1BA6D94F020E}.Debug|Any CPU.ActiveCfg = Debug|Any CPU
		{B87763D0-DD37-4F3B-9B8A-1BA6D94F020E}.Debug|Any CPU.Build.0 = Debug|Any CPU
		{B87763D0-DD37-4F3B-9B8A-1BA6D94F020E}.Release|Any CPU.ActiveCfg = Release|Any CPU
		{B87763D0-DD37-4F3B-9B8A-1BA6D94F020E}.Release|Any CPU.Build.0 = Release|Any CPU
		{F5134799-84F2-4BEA-99A1-BF82BDF85B85}.Debug|Any CPU.ActiveCfg = Debug|Any CPU
		{F5134799-84F2-4BEA-99A1-BF82BDF85B85}.Debug|Any CPU.Build.0 = Debug|Any CPU
		{F5134799-84F2-4BEA-99A1-BF82BDF85B85}.Release|Any CPU.ActiveCfg = Release|Any CPU
		{F5134799-84F2-4BEA-99A1-BF82BDF85B85}.Release|Any CPU.Build.0 = Release|Any CPU
		{63AC907B-010D-48C2-9B9E-E64FE144B40F}.Debug|Any CPU.ActiveCfg = Debug|Any CPU
		{63AC907B-010D-48C2-9B9E-E64FE144B40F}.Debug|Any CPU.Build.0 = Debug|Any CPU
		{63AC907B-010D-48C2-9B9E-E64FE144B40F}.Release|Any CPU.ActiveCfg = Release|Any CPU
		{63AC907B-010D-48C2-9B9E-E64FE144B40F}.Release|Any CPU.Build.0 = Release|Any CPU
		{9AB5DEE9-7968-41AC-8678-8F349631A155}.Debug|Any CPU.ActiveCfg = Debug|Any CPU
		{9AB5DEE9-7968-41AC-8678-8F349631A155}.Debug|Any CPU.Build.0 = Debug|Any CPU
		{9AB5DEE9-7968-41AC-8678-8F349631A155}.Release|Any CPU.ActiveCfg = Release|Any CPU
		{9AB5DEE9-7968-41AC-8678-8F349631A155}.Release|Any CPU.Build.0 = Release|Any CPU
		{78EADC52-5474-4542-9FA9-8D420374DD79}.Debug|Any CPU.ActiveCfg = Debug|Any CPU
		{78EADC52-5474-4542-9FA9-8D420374DD79}.Debug|Any CPU.Build.0 = Debug|Any CPU
		{78EADC52-5474-4542-9FA9-8D420374DD79}.Release|Any CPU.ActiveCfg = Release|Any CPU
		{78EADC52-5474-4542-9FA9-8D420374DD79}.Release|Any CPU.Build.0 = Release|Any CPU
		{4CADF2AE-0504-4F97-9527-75F3D11A4B1A}.Debug|Any CPU.ActiveCfg = Debug|Any CPU
		{4CADF2AE-0504-4F97-9527-75F3D11A4B1A}.Debug|Any CPU.Build.0 = Debug|Any CPU
		{4CADF2AE-0504-4F97-9527-75F3D11A4B1A}.Release|Any CPU.ActiveCfg = Release|Any CPU
		{4CADF2AE-0504-4F97-9527-75F3D11A4B1A}.Release|Any CPU.Build.0 = Release|Any CPU
	EndGlobalSection
	GlobalSection(SolutionProperties) = preSolution
		HideSolutionNode = FALSE
	EndGlobalSection
	GlobalSection(NestedProjects) = preSolution
		{909C4CEB-5CB0-4B11-ADC3-18A37FCF0FFE} = {B5529AE5-ED57-4F5B-8AA2-6DC6E3CECD90}
		{E98A2E77-CCC1-4573-8BBD-D8B518B8F92F} = {E7F45071-42B0-4614-8853-13269D3D547C}
		{FF481A1D-D9E3-46B0-B3E8-94C4EC0D1978} = {8DBAD204-7226-492B-9539-6AA3F2030AEB}
		{B87763D0-DD37-4F3B-9B8A-1BA6D94F020E} = {ED578DC6-0B89-46BB-8C1B-A64ACE16EA6C}
		{F5134799-84F2-4BEA-99A1-BF82BDF85B85} = {E7F45071-42B0-4614-8853-13269D3D547C}
		{63AC907B-010D-48C2-9B9E-E64FE144B40F} = {8DBAD204-7226-492B-9539-6AA3F2030AEB}
		{9AB5DEE9-7968-41AC-8678-8F349631A155} = {ED578DC6-0B89-46BB-8C1B-A64ACE16EA6C}
		{78EADC52-5474-4542-9FA9-8D420374DD79} = {B5529AE5-ED57-4F5B-8AA2-6DC6E3CECD90}
	EndGlobalSection
	GlobalSection(ExtensibilityGlobals) = postSolution
		SolutionGuid = {9883CB23-8F9C-4E65-AACC-E8246EBA4075}
	EndGlobalSection
EndGlobal
