
Microsoft Visual Studio Solution File, Format Version 12.00
# Visual Studio Version 16
VisualStudioVersion = 16.0.30204.135
MinimumVisualStudioVersion = 10.0.40219.1
Project("{9A19103F-16F7-4668-BE54-9A1E7A4F7556}") = "Tests2", "Tests\Tests2\Tests2.csproj", "{F5134799-84F2-4BEA-99A1-BF82BDF85B85}"
EndProject
Project("{9A19103F-16F7-4668-BE54-9A1E7A4F7556}") = "Tests3", "Tests\Tests3\Tests3.csproj", "{63AC907B-010D-48C2-9B9E-E64FE144B40F}"
EndProject
Project("{9A19103F-16F7-4668-BE54-9A1E7A4F7556}") = "Tests4", "Tests\Tests4\Tests4.csproj", "{9AB5DEE9-7968-41AC-8678-8F349631A155}"
EndProject
Project("{9A19103F-16F7-4668-BE54-9A1E7A4F7556}") = "Tests1", "Tests\Tests1\Tests1.csproj", "{78EADC52-5474-4542-9FA9-8D420374DD79}"
EndProject
Project("{2150E333-8FDC-42A3-9474-1A3956D46DE8}") = "Tests", "Tests", "{F104548D-7222-4D52-A5D3-4A330F5B0CFD}"
EndProject
Project("{9A19103F-16F7-4668-BE54-9A1E7A4F7556}") = "Task1", "..\..\tasks\02-arrays-and-methods\Task1\Task1.csproj", "{B43B0ABF-54A3-4B46-8007-857D85A74132}"
EndProject
Project("{9A19103F-16F7-4668-BE54-9A1E7A4F7556}") = "Task2", "..\..\tasks\02-arrays-and-methods\Task2\Task2.csproj", "{EAAC6178-BDEB-4E5A-B527-AF8B0BDCBCF6}"
EndProject
Project("{9A19103F-16F7-4668-BE54-9A1E7A4F7556}") = "Task3", "..\..\tasks\02-arrays-and-methods\Task3\Task3.csproj", "{9ED48585-3858-41FA-87DF-776B05FBAEFD}"
EndProject
Project("{9A19103F-16F7-4668-BE54-9A1E7A4F7556}") = "Task4", "..\..\tasks\02-arrays-and-methods\Task4\Task4.csproj", "{00E706E5-7360-4166-ADDA-B8FAF25ECA5D}"
EndProject
Project("{9A19103F-16F7-4668-BE54-9A1E7A4F7556}") = "ThirdParty", "..\..\ThirdParty\ThirdParty\ThirdParty.csproj", "{C8BEDBA3-90FC-42F6-96C7-F0FF3C457925}"
EndProject
Global
	GlobalSection(SolutionConfigurationPlatforms) = preSolution
		Debug|Any CPU = Debug|Any CPU
		Release|Any CPU = Release|Any CPU
	EndGlobalSection
	GlobalSection(ProjectConfigurationPlatforms) = postSolution
		{F5134799-84F2-4BEA-99A1-BF82BDF85B85}.Debug|Any CPU.ActiveCfg = Debug|Any CPU
		{F5134799-84F2-4BEA-99A1-BF82BDF85B85}.Debug|Any CPU.Build.0 = Debug|Any CPU
		{F5134799-84F2-4BEA-99A1-BF82BDF85B85}.Release|Any CPU.ActiveCfg = Release|Any CPU
		{F5134799-84F2-4BEA-99A1-BF82BDF85B85}.Release|Any CPU.Build.0 = Release|Any CPU
		{63AC907B-010D-48C2-9B9E-E64FE144B40F}.Debug|Any CPU.ActiveCfg = Debug|Any CPU
		{63AC907B-010D-48C2-9B9E-E64FE144B40F}.Debug|Any CPU.Build.0 = Debug|Any CPU
		{63AC907B-010D-48C2-9B9E-E64FE144B40F}.Release|Any CPU.ActiveCfg = Release|Any CPU
		{63AC907B-010D-48C2-9B9E-E64FE144B40F}.Release|Any CPU.Build.0 = Release|Any CPU
		{9AB5DEE9-7968-41AC-8678-8F349631A155}.Debug|Any CPU.ActiveCfg = Debug|Any CPU
		{9AB5DEE9-7968-41AC-8678-8F349631A155}.Debug|Any CPU.Build.0 = Debug|Any CPU
		{9AB5DEE9-7968-41AC-8678-8F349631A155}.Release|Any CPU.ActiveCfg = Release|Any CPU
		{9AB5DEE9-7968-41AC-8678-8F349631A155}.Release|Any CPU.Build.0 = Release|Any CPU
		{78EADC52-5474-4542-9FA9-8D420374DD79}.Debug|Any CPU.ActiveCfg = Debug|Any CPU
		{78EADC52-5474-4542-9FA9-8D420374DD79}.Debug|Any CPU.Build.0 = Debug|Any CPU
		{78EADC52-5474-4542-9FA9-8D420374DD79}.Release|Any CPU.ActiveCfg = Release|Any CPU
		{78EADC52-5474-4542-9FA9-8D420374DD79}.Release|Any CPU.Build.0 = Release|Any CPU
		{B43B0ABF-54A3-4B46-8007-857D85A74132}.Debug|Any CPU.ActiveCfg = Debug|Any CPU
		{B43B0ABF-54A3-4B46-8007-857D85A74132}.Debug|Any CPU.Build.0 = Debug|Any CPU
		{B43B0ABF-54A3-4B46-8007-857D85A74132}.Release|Any CPU.ActiveCfg = Release|Any CPU
		{B43B0ABF-54A3-4B46-8007-857D85A74132}.Release|Any CPU.Build.0 = Release|Any CPU
		{EAAC6178-BDEB-4E5A-B527-AF8B0BDCBCF6}.Debug|Any CPU.ActiveCfg = Debug|Any CPU
		{EAAC6178-BDEB-4E5A-B527-AF8B0BDCBCF6}.Debug|Any CPU.Build.0 = Debug|Any CPU
		{EAAC6178-BDEB-4E5A-B527-AF8B0BDCBCF6}.Release|Any CPU.ActiveCfg = Release|Any CPU
		{EAAC6178-BDEB-4E5A-B527-AF8B0BDCBCF6}.Release|Any CPU.Build.0 = Release|Any CPU
		{9ED48585-3858-41FA-87DF-776B05FBAEFD}.Debug|Any CPU.ActiveCfg = Debug|Any CPU
		{9ED48585-3858-41FA-87DF-776B05FBAEFD}.Debug|Any CPU.Build.0 = Debug|Any CPU
		{9ED48585-3858-41FA-87DF-776B05FBAEFD}.Release|Any CPU.ActiveCfg = Release|Any CPU
		{9ED48585-3858-41FA-87DF-776B05FBAEFD}.Release|Any CPU.Build.0 = Release|Any CPU
		{00E706E5-7360-4166-ADDA-B8FAF25ECA5D}.Debug|Any CPU.ActiveCfg = Debug|Any CPU
		{00E706E5-7360-4166-ADDA-B8FAF25ECA5D}.Debug|Any CPU.Build.0 = Debug|Any CPU
		{00E706E5-7360-4166-ADDA-B8FAF25ECA5D}.Release|Any CPU.ActiveCfg = Release|Any CPU
		{00E706E5-7360-4166-ADDA-B8FAF25ECA5D}.Release|Any CPU.Build.0 = Release|Any CPU
		{C8BEDBA3-90FC-42F6-96C7-F0FF3C457925}.Debug|Any CPU.ActiveCfg = Debug|Any CPU
		{C8BEDBA3-90FC-42F6-96C7-F0FF3C457925}.Debug|Any CPU.Build.0 = Debug|Any CPU
		{C8BEDBA3-90FC-42F6-96C7-F0FF3C457925}.Release|Any CPU.ActiveCfg = Release|Any CPU
		{C8BEDBA3-90FC-42F6-96C7-F0FF3C457925}.Release|Any CPU.Build.0 = Release|Any CPU
	EndGlobalSection
	GlobalSection(SolutionProperties) = preSolution
		HideSolutionNode = FALSE
	EndGlobalSection
	GlobalSection(NestedProjects) = preSolution
		{F5134799-84F2-4BEA-99A1-BF82BDF85B85} = {F104548D-7222-4D52-A5D3-4A330F5B0CFD}
		{63AC907B-010D-48C2-9B9E-E64FE144B40F} = {F104548D-7222-4D52-A5D3-4A330F5B0CFD}
		{9AB5DEE9-7968-41AC-8678-8F349631A155} = {F104548D-7222-4D52-A5D3-4A330F5B0CFD}
		{78EADC52-5474-4542-9FA9-8D420374DD79} = {F104548D-7222-4D52-A5D3-4A330F5B0CFD}
		{C8BEDBA3-90FC-42F6-96C7-F0FF3C457925} = {F104548D-7222-4D52-A5D3-4A330F5B0CFD}
	EndGlobalSection
	GlobalSection(ExtensibilityGlobals) = postSolution
		SolutionGuid = {9883CB23-8F9C-4E65-AACC-E8246EBA4075}
	EndGlobalSection
EndGlobal
