
Microsoft Visual Studio Solution File, Format Version 12.00
# Visual Studio Version 16
VisualStudioVersion = 16.0.31105.61
MinimumVisualStudioVersion = 10.0.40219.1
Project("{2150E333-8FDC-42A3-9474-1A3956D46DE8}") = "Tests", "Tests", "{87F6E1F8-D6B7-465E-BABA-CE7DBD679FD3}"
EndProject
Project("{9A19103F-16F7-4668-BE54-9A1E7A4F7556}") = "Tests1", "Tests\Tests1\Tests1.csproj", "{DD2677E4-A537-494E-A0B5-8E388EB13A8A}"
EndProject
Project("{FAE04EC0-301F-11D3-BF4B-00C04F79EFBC}") = "Tests2", "Tests\Tests2\Tests2.csproj", "{C3BDEBB6-BB5D-4D0C-A674-8E6F7890BE07}"
EndProject
Project("{9A19103F-16F7-4668-BE54-9A1E7A4F7556}") = "Task1", "..\..\tasks\05-inheritance\Inheritance\Task1\Task1.csproj", "{4160C454-C71F-49D4-8408-F4EA0898040F}"
EndProject
Project("{9A19103F-16F7-4668-BE54-9A1E7A4F7556}") = "Task2", "..\..\tasks\05-inheritance\Inheritance\Task2\Task2.csproj", "{4CCFEA99-E2DC-437A-9CC4-8CA5D88CF85C}"
EndProject
Project("{9A19103F-16F7-4668-BE54-9A1E7A4F7556}") = "TestHelpers", "..\..\TestLibraries\TestLibraries\TestHelpers.csproj", "{DAFD61F6-2D49-45DE-9F52-EDF8DA61F35C}"
EndProject
Global
	GlobalSection(SolutionConfigurationPlatforms) = preSolution
		Debug|Any CPU = Debug|Any CPU
		Release|Any CPU = Release|Any CPU
	EndGlobalSection
	GlobalSection(ProjectConfigurationPlatforms) = postSolution
		{DD2677E4-A537-494E-A0B5-8E388EB13A8A}.Debug|Any CPU.ActiveCfg = Debug|Any CPU
		{DD2677E4-A537-494E-A0B5-8E388EB13A8A}.Debug|Any CPU.Build.0 = Debug|Any CPU
		{DD2677E4-A537-494E-A0B5-8E388EB13A8A}.Release|Any CPU.ActiveCfg = Release|Any CPU
		{DD2677E4-A537-494E-A0B5-8E388EB13A8A}.Release|Any CPU.Build.0 = Release|Any CPU
		{C3BDEBB6-BB5D-4D0C-A674-8E6F7890BE07}.Debug|Any CPU.ActiveCfg = Debug|Any CPU
		{C3BDEBB6-BB5D-4D0C-A674-8E6F7890BE07}.Debug|Any CPU.Build.0 = Debug|Any CPU
		{C3BDEBB6-BB5D-4D0C-A674-8E6F7890BE07}.Release|Any CPU.ActiveCfg = Release|Any CPU
		{C3BDEBB6-BB5D-4D0C-A674-8E6F7890BE07}.Release|Any CPU.Build.0 = Release|Any CPU
		{4160C454-C71F-49D4-8408-F4EA0898040F}.Debug|Any CPU.ActiveCfg = Debug|Any CPU
		{4160C454-C71F-49D4-8408-F4EA0898040F}.Debug|Any CPU.Build.0 = Debug|Any CPU
		{4160C454-C71F-49D4-8408-F4EA0898040F}.Release|Any CPU.ActiveCfg = Release|Any CPU
		{4160C454-C71F-49D4-8408-F4EA0898040F}.Release|Any CPU.Build.0 = Release|Any CPU
		{4CCFEA99-E2DC-437A-9CC4-8CA5D88CF85C}.Debug|Any CPU.ActiveCfg = Debug|Any CPU
		{4CCFEA99-E2DC-437A-9CC4-8CA5D88CF85C}.Debug|Any CPU.Build.0 = Debug|Any CPU
		{4CCFEA99-E2DC-437A-9CC4-8CA5D88CF85C}.Release|Any CPU.ActiveCfg = Release|Any CPU
		{4CCFEA99-E2DC-437A-9CC4-8CA5D88CF85C}.Release|Any CPU.Build.0 = Release|Any CPU
		{DAFD61F6-2D49-45DE-9F52-EDF8DA61F35C}.Debug|Any CPU.ActiveCfg = Debug|Any CPU
		{DAFD61F6-2D49-45DE-9F52-EDF8DA61F35C}.Debug|Any CPU.Build.0 = Debug|Any CPU
		{DAFD61F6-2D49-45DE-9F52-EDF8DA61F35C}.Release|Any CPU.ActiveCfg = Release|Any CPU
		{DAFD61F6-2D49-45DE-9F52-EDF8DA61F35C}.Release|Any CPU.Build.0 = Release|Any CPU
	EndGlobalSection
	GlobalSection(SolutionProperties) = preSolution
		HideSolutionNode = FALSE
	EndGlobalSection
	GlobalSection(NestedProjects) = preSolution
		{DD2677E4-A537-494E-A0B5-8E388EB13A8A} = {87F6E1F8-D6B7-465E-BABA-CE7DBD679FD3}
		{C3BDEBB6-BB5D-4D0C-A674-8E6F7890BE07} = {87F6E1F8-D6B7-465E-BABA-CE7DBD679FD3}
		{DAFD61F6-2D49-45DE-9F52-EDF8DA61F35C} = {87F6E1F8-D6B7-465E-BABA-CE7DBD679FD3}
	EndGlobalSection
	GlobalSection(ExtensibilityGlobals) = postSolution
		SolutionGuid = {C597E483-3045-420E-AF64-FFE816B50095}
	EndGlobalSection
EndGlobal
