Microsoft Visual Studio Solution File, Format Version 12.00
# Visual Studio Version 16
VisualStudioVersion = 16.0.30204.135
MinimumVisualStudioVersion = 10.0.40219.1
Project("{9A19103F-16F7-4668-BE54-9A1E7A4F7556}") = "ThirdParty", "..\..\ThirdParty\ThirdParty\ThirdParty.csproj", "{BCFAEB62-D385-4BD6-A772-82E6952FC06B}"
EndProject
Project("{9A19103F-16F7-4668-BE54-9A1E7A4F7556}") = "Tests1", "Tests\Tests1\Tests1.csproj", "{297FC0FE-6E81-4E35-AAD6-796CE397ED56}"
EndProject
Project("{9A19103F-16F7-4668-BE54-9A1E7A4F7556}") = "Tests2", "Tests\Tests2\Tests2.csproj", "{19340BFD-83E4-4619-B5A5-63BC0322CF26}"
EndProject
Project("{9A19103F-16F7-4668-BE54-9A1E7A4F7556}") = "Tests3", "Tests\Tests3\Tests3.csproj", "{AC794EB6-FB5D-4710-9972-8B8664BEFC24}"
EndProject
Project("{9A19103F-16F7-4668-BE54-9A1E7A4F7556}") = "Tests4", "Tests\Tests4\Tests4.csproj", "{D900D2C7-647D-4032-9F29-C279241FC6E1}"
EndProject
Project("{9A19103F-16F7-4668-BE54-9A1E7A4F7556}") = "Tests5", "Tests\Tests5\Tests5.csproj", "{5BE42616-F903-43F5-B5D0-B83F8C8A8BBA}"
EndProject
Project("{2150E333-8FDC-42A3-9474-1A3956D46DE8}") = "Tests", "Tests", "{E9195033-C8DD-4042-B5B3-6FFCB95A5546}"
EndProject
Project("{9A19103F-16F7-4668-BE54-9A1E7A4F7556}") = "Task1", "..\..\tasks\1-csharp-basics\Task1\Task1.csproj", "{0FDCB2CB-ADF3-45ED-9793-84E061ADB0E9}"
EndProject
Project("{9A19103F-16F7-4668-BE54-9A1E7A4F7556}") = "Task2", "..\..\tasks\1-csharp-basics\Task2\Task2.csproj", "{FEBF2E04-F53F-4763-BCBC-DFFC90B6F82D}"
EndProject
Project("{9A19103F-16F7-4668-BE54-9A1E7A4F7556}") = "Task3", "..\..\tasks\1-csharp-basics\Task3\Task3.csproj", "{F67354BF-05D8-4C76-8FDA-40D86F834EA7}"
EndProject
Project("{9A19103F-16F7-4668-BE54-9A1E7A4F7556}") = "Task4", "..\..\tasks\1-csharp-basics\Task4\Task4.csproj", "{91D228B8-FAB7-4887-8A9D-C86365CC749F}"
EndProject
Project("{9A19103F-16F7-4668-BE54-9A1E7A4F7556}") = "Task5", "..\..\tasks\1-csharp-basics\Task5\Task5.csproj", "{D20F4EE4-9BE4-4A13-85D0-2C1336AEF41F}"
EndProject
Global
	GlobalSection(SolutionConfigurationPlatforms) = preSolution
		Debug|Any CPU = Debug|Any CPU
		Release|Any CPU = Release|Any CPU
	EndGlobalSection
	GlobalSection(ProjectConfigurationPlatforms) = postSolution
		{BCFAEB62-D385-4BD6-A772-82E6952FC06B}.Debug|Any CPU.ActiveCfg = Debug|Any CPU
		{BCFAEB62-D385-4BD6-A772-82E6952FC06B}.Debug|Any CPU.Build.0 = Debug|Any CPU
		{BCFAEB62-D385-4BD6-A772-82E6952FC06B}.Release|Any CPU.ActiveCfg = Release|Any CPU
		{BCFAEB62-D385-4BD6-A772-82E6952FC06B}.Release|Any CPU.Build.0 = Release|Any CPU
		{297FC0FE-6E81-4E35-AAD6-796CE397ED56}.Debug|Any CPU.ActiveCfg = Debug|Any CPU
		{297FC0FE-6E81-4E35-AAD6-796CE397ED56}.Debug|Any CPU.Build.0 = Debug|Any CPU
		{297FC0FE-6E81-4E35-AAD6-796CE397ED56}.Release|Any CPU.ActiveCfg = Release|Any CPU
		{297FC0FE-6E81-4E35-AAD6-796CE397ED56}.Release|Any CPU.Build.0 = Release|Any CPU
		{19340BFD-83E4-4619-B5A5-63BC0322CF26}.Debug|Any CPU.ActiveCfg = Debug|Any CPU
		{19340BFD-83E4-4619-B5A5-63BC0322CF26}.Debug|Any CPU.Build.0 = Debug|Any CPU
		{19340BFD-83E4-4619-B5A5-63BC0322CF26}.Release|Any CPU.ActiveCfg = Release|Any CPU
		{19340BFD-83E4-4619-B5A5-63BC0322CF26}.Release|Any CPU.Build.0 = Release|Any CPU
		{AC794EB6-FB5D-4710-9972-8B8664BEFC24}.Debug|Any CPU.ActiveCfg = Debug|Any CPU
		{AC794EB6-FB5D-4710-9972-8B8664BEFC24}.Debug|Any CPU.Build.0 = Debug|Any CPU
		{AC794EB6-FB5D-4710-9972-8B8664BEFC24}.Release|Any CPU.ActiveCfg = Release|Any CPU
		{AC794EB6-FB5D-4710-9972-8B8664BEFC24}.Release|Any CPU.Build.0 = Release|Any CPU
		{D900D2C7-647D-4032-9F29-C279241FC6E1}.Debug|Any CPU.ActiveCfg = Debug|Any CPU
		{D900D2C7-647D-4032-9F29-C279241FC6E1}.Debug|Any CPU.Build.0 = Debug|Any CPU
		{D900D2C7-647D-4032-9F29-C279241FC6E1}.Release|Any CPU.ActiveCfg = Release|Any CPU
		{D900D2C7-647D-4032-9F29-C279241FC6E1}.Release|Any CPU.Build.0 = Release|Any CPU
		{5BE42616-F903-43F5-B5D0-B83F8C8A8BBA}.Debug|Any CPU.ActiveCfg = Debug|Any CPU
		{5BE42616-F903-43F5-B5D0-B83F8C8A8BBA}.Debug|Any CPU.Build.0 = Debug|Any CPU
		{5BE42616-F903-43F5-B5D0-B83F8C8A8BBA}.Release|Any CPU.ActiveCfg = Release|Any CPU
		{5BE42616-F903-43F5-B5D0-B83F8C8A8BBA}.Release|Any CPU.Build.0 = Release|Any CPU
		{0FDCB2CB-ADF3-45ED-9793-84E061ADB0E9}.Debug|Any CPU.ActiveCfg = Debug|Any CPU
		{0FDCB2CB-ADF3-45ED-9793-84E061ADB0E9}.Debug|Any CPU.Build.0 = Debug|Any CPU
		{0FDCB2CB-ADF3-45ED-9793-84E061ADB0E9}.Release|Any CPU.ActiveCfg = Release|Any CPU
		{0FDCB2CB-ADF3-45ED-9793-84E061ADB0E9}.Release|Any CPU.Build.0 = Release|Any CPU
		{FEBF2E04-F53F-4763-BCBC-DFFC90B6F82D}.Debug|Any CPU.ActiveCfg = Debug|Any CPU
		{FEBF2E04-F53F-4763-BCBC-DFFC90B6F82D}.Debug|Any CPU.Build.0 = Debug|Any CPU
		{FEBF2E04-F53F-4763-BCBC-DFFC90B6F82D}.Release|Any CPU.ActiveCfg = Release|Any CPU
		{FEBF2E04-F53F-4763-BCBC-DFFC90B6F82D}.Release|Any CPU.Build.0 = Release|Any CPU
		{F67354BF-05D8-4C76-8FDA-40D86F834EA7}.Debug|Any CPU.ActiveCfg = Debug|Any CPU
		{F67354BF-05D8-4C76-8FDA-40D86F834EA7}.Debug|Any CPU.Build.0 = Debug|Any CPU
		{F67354BF-05D8-4C76-8FDA-40D86F834EA7}.Release|Any CPU.ActiveCfg = Release|Any CPU
		{F67354BF-05D8-4C76-8FDA-40D86F834EA7}.Release|Any CPU.Build.0 = Release|Any CPU
		{91D228B8-FAB7-4887-8A9D-C86365CC749F}.Debug|Any CPU.ActiveCfg = Debug|Any CPU
		{91D228B8-FAB7-4887-8A9D-C86365CC749F}.Debug|Any CPU.Build.0 = Debug|Any CPU
		{91D228B8-FAB7-4887-8A9D-C86365CC749F}.Release|Any CPU.ActiveCfg = Release|Any CPU
		{91D228B8-FAB7-4887-8A9D-C86365CC749F}.Release|Any CPU.Build.0 = Release|Any CPU
		{D20F4EE4-9BE4-4A13-85D0-2C1336AEF41F}.Debug|Any CPU.ActiveCfg = Debug|Any CPU
		{D20F4EE4-9BE4-4A13-85D0-2C1336AEF41F}.Debug|Any CPU.Build.0 = Debug|Any CPU
		{D20F4EE4-9BE4-4A13-85D0-2C1336AEF41F}.Release|Any CPU.ActiveCfg = Release|Any CPU
		{D20F4EE4-9BE4-4A13-85D0-2C1336AEF41F}.Release|Any CPU.Build.0 = Release|Any CPU
	EndGlobalSection
	GlobalSection(SolutionProperties) = preSolution
		HideSolutionNode = FALSE
	EndGlobalSection
	GlobalSection(NestedProjects) = preSolution
		{BCFAEB62-D385-4BD6-A772-82E6952FC06B} = {E9195033-C8DD-4042-B5B3-6FFCB95A5546}
		{297FC0FE-6E81-4E35-AAD6-796CE397ED56} = {E9195033-C8DD-4042-B5B3-6FFCB95A5546}
		{19340BFD-83E4-4619-B5A5-63BC0322CF26} = {E9195033-C8DD-4042-B5B3-6FFCB95A5546}
		{AC794EB6-FB5D-4710-9972-8B8664BEFC24} = {E9195033-C8DD-4042-B5B3-6FFCB95A5546}
		{D900D2C7-647D-4032-9F29-C279241FC6E1} = {E9195033-C8DD-4042-B5B3-6FFCB95A5546}
		{5BE42616-F903-43F5-B5D0-B83F8C8A8BBA} = {E9195033-C8DD-4042-B5B3-6FFCB95A5546}
	EndGlobalSection
	GlobalSection(ExtensibilityGlobals) = postSolution
		SolutionGuid = {0A687964-F513-4B40-B68C-09253D048A47}
	EndGlobalSection
EndGlobal
